
Microsoft Visual Studio Solution File, Format Version 12.00
# Visual Studio Version 16
VisualStudioVersion = 16.0.31515.178
MinimumVisualStudioVersion = 10.0.40219.1
Project("{FAE04EC0-301F-11D3-BF4B-00C04F79EFBC}") = "SprintPerfected", "SprintPerfected\SprintPerfected.csproj", "{D460F41B-34D6-4B78-AF7D-DC8EB0A51113}"
EndProject
Global
	GlobalSection(SolutionConfigurationPlatforms) = preSolution
		Debug|Any CPU = Debug|Any CPU
		Release|Any CPU = Release|Any CPU
	EndGlobalSection
	GlobalSection(ProjectConfigurationPlatforms) = postSolution
		{D460F41B-34D6-4B78-AF7D-DC8EB0A51113}.Debug|Any CPU.ActiveCfg = Debug|Any CPU
		{D460F41B-34D6-4B78-AF7D-DC8EB0A51113}.Debug|Any CPU.Build.0 = Debug|Any CPU
		{D460F41B-34D6-4B78-AF7D-DC8EB0A51113}.Release|Any CPU.ActiveCfg = Release|Any CPU
		{D460F41B-34D6-4B78-AF7D-DC8EB0A51113}.Release|Any CPU.Build.0 = Release|Any CPU
	EndGlobalSection
	GlobalSection(SolutionProperties) = preSolution
		HideSolutionNode = FALSE
	EndGlobalSection
	GlobalSection(ExtensibilityGlobals) = postSolution
		SolutionGuid = {082854A2-1928-49C9-8B30-CB851B8C35F9}
	EndGlobalSection
EndGlobal
